
Microsoft Visual Studio Solution File, Format Version 12.00
# Visual Studio Version 16
VisualStudioVersion = 16.0.28803.202
MinimumVisualStudioVersion = 10.0.40219.1
Project("{FAE04EC0-301F-11D3-BF4B-00C04F79EFBC}") = "PurchaSalerUI", "PurchaSalerUI\PurchaSalerUI.csproj", "{565E0A85-871C-42D9-9256-6D92752237CE}"
EndProject
Project("{FAE04EC0-301F-11D3-BF4B-00C04F79EFBC}") = "Models", "Models\Models.csproj", "{2262AD97-0C02-42CC-B116-006855A05E96}"
EndProject
Project("{FAE04EC0-301F-11D3-BF4B-00C04F79EFBC}") = "BLL", "BLL\BLL.csproj", "{1962039F-635E-4F9C-B5C9-645A76940E73}"
EndProject
Project("{FAE04EC0-301F-11D3-BF4B-00C04F79EFBC}") = "IDAL", "IDAL\IDAL.csproj", "{9226485C-BFA9-4E1D-8674-0893FA58A4F0}"
EndProject
Project("{FAE04EC0-301F-11D3-BF4B-00C04F79EFBC}") = "DAL", "DAL\DAL.csproj", "{2FE16C77-A790-4CAF-965F-E8AD66E005FF}"
EndProject
Project("{FAE04EC0-301F-11D3-BF4B-00C04F79EFBC}") = "DALFactory", "DALFactory\DALFactory.csproj", "{4406BCEE-7EBF-4C44-B50B-DD7750BBB331}"
EndProject
Global
	GlobalSection(SolutionConfigurationPlatforms) = preSolution
		Debug|Any CPU = Debug|Any CPU
		Release|Any CPU = Release|Any CPU
	EndGlobalSection
	GlobalSection(ProjectConfigurationPlatforms) = postSolution
		{565E0A85-871C-42D9-9256-6D92752237CE}.Debug|Any CPU.ActiveCfg = Debug|Any CPU
		{565E0A85-871C-42D9-9256-6D92752237CE}.Debug|Any CPU.Build.0 = Debug|Any CPU
		{565E0A85-871C-42D9-9256-6D92752237CE}.Release|Any CPU.ActiveCfg = Release|Any CPU
		{565E0A85-871C-42D9-9256-6D92752237CE}.Release|Any CPU.Build.0 = Release|Any CPU
		{2262AD97-0C02-42CC-B116-006855A05E96}.Debug|Any CPU.ActiveCfg = Debug|Any CPU
		{2262AD97-0C02-42CC-B116-006855A05E96}.Debug|Any CPU.Build.0 = Debug|Any CPU
		{2262AD97-0C02-42CC-B116-006855A05E96}.Release|Any CPU.ActiveCfg = Release|Any CPU
		{2262AD97-0C02-42CC-B116-006855A05E96}.Release|Any CPU.Build.0 = Release|Any CPU
		{1962039F-635E-4F9C-B5C9-645A76940E73}.Debug|Any CPU.ActiveCfg = Debug|Any CPU
		{1962039F-635E-4F9C-B5C9-645A76940E73}.Debug|Any CPU.Build.0 = Debug|Any CPU
		{1962039F-635E-4F9C-B5C9-645A76940E73}.Release|Any CPU.ActiveCfg = Release|Any CPU
		{1962039F-635E-4F9C-B5C9-645A76940E73}.Release|Any CPU.Build.0 = Release|Any CPU
		{9226485C-BFA9-4E1D-8674-0893FA58A4F0}.Debug|Any CPU.ActiveCfg = Debug|Any CPU
		{9226485C-BFA9-4E1D-8674-0893FA58A4F0}.Debug|Any CPU.Build.0 = Debug|Any CPU
		{9226485C-BFA9-4E1D-8674-0893FA58A4F0}.Release|Any CPU.ActiveCfg = Release|Any CPU
		{9226485C-BFA9-4E1D-8674-0893FA58A4F0}.Release|Any CPU.Build.0 = Release|Any CPU
		{2FE16C77-A790-4CAF-965F-E8AD66E005FF}.Debug|Any CPU.ActiveCfg = Debug|Any CPU
		{2FE16C77-A790-4CAF-965F-E8AD66E005FF}.Debug|Any CPU.Build.0 = Debug|Any CPU
		{2FE16C77-A790-4CAF-965F-E8AD66E005FF}.Release|Any CPU.ActiveCfg = Release|Any CPU
		{2FE16C77-A790-4CAF-965F-E8AD66E005FF}.Release|Any CPU.Build.0 = Release|Any CPU
		{4406BCEE-7EBF-4C44-B50B-DD7750BBB331}.Debug|Any CPU.ActiveCfg = Debug|Any CPU
		{4406BCEE-7EBF-4C44-B50B-DD7750BBB331}.Debug|Any CPU.Build.0 = Debug|Any CPU
		{4406BCEE-7EBF-4C44-B50B-DD7750BBB331}.Release|Any CPU.ActiveCfg = Release|Any CPU
		{4406BCEE-7EBF-4C44-B50B-DD7750BBB331}.Release|Any CPU.Build.0 = Release|Any CPU
	EndGlobalSection
	GlobalSection(SolutionProperties) = preSolution
		HideSolutionNode = FALSE
	EndGlobalSection
	GlobalSection(ExtensibilityGlobals) = postSolution
		SolutionGuid = {3BEC7A56-FE12-4167-8D14-116B8D56B39B}
	EndGlobalSection
EndGlobal
